
Microsoft Visual Studio Solution File, Format Version 12.00
# Visual Studio Version 16
VisualStudioVersion = 16.6.30114.105
MinimumVisualStudioVersion = 10.0.40219.1
Project("{2150E333-8FDC-42A3-9474-1A3956D46DE8}") = "src", "src", "{B3E836CF-58BC-4425-8051-C4F43A588BFA}"
EndProject
Project("{2150E333-8FDC-42A3-9474-1A3956D46DE8}") = "UIClient", "UIClient", "{1DE85E41-8115-426E-827D-0489AF4E7B21}"
EndProject
Project("{FAE04EC0-301F-11D3-BF4B-00C04F79EFBC}") = "OnlineApplicationMobile.UI.Android", "src\UIClient\OnlineApplicationMobile.UI\OnlineApplicationMobile.UI.Android\OnlineApplicationMobile.UI.Android.csproj", "{D590F32F-9808-482C-8895-8127F60658D5}"
EndProject
Project("{FAE04EC0-301F-11D3-BF4B-00C04F79EFBC}") = "OnlineApplicationMobile.UI.iOS", "src\UIClient\OnlineApplicationMobile.UI\OnlineApplicationMobile.UI.iOS\OnlineApplicationMobile.UI.iOS.csproj", "{DEB6A493-41BD-4096-8493-8F72DB1F1234}"
EndProject
Project("{9A19103F-16F7-4668-BE54-9A1E7A4F7556}") = "OnlineApplicationMobile.UI", "src\UIClient\OnlineApplicationMobile.UI\OnlineApplicationMobile.UI\OnlineApplicationMobile.UI.csproj", "{16763C50-16C4-4925-A7EA-1F73510010B0}"
EndProject
Project("{2150E333-8FDC-42A3-9474-1A3956D46DE8}") = "Application", "Application", "{4EA68763-9093-4D7A-BDEE-045865CE322B}"
EndProject
Project("{9A19103F-16F7-4668-BE54-9A1E7A4F7556}") = "OnlineApplicationMobile.HttpService", "src\Application\OnlineApplicationMobile.HttpService\OnlineApplicationMobile.HttpService.csproj", "{61B074E1-8586-4272-8074-C711FFD83FAE}"
EndProject
Project("{2150E333-8FDC-42A3-9474-1A3956D46DE8}") = "Infrastructure", "Infrastructure", "{B306A15D-36AE-459E-A7FC-49880586F0DE}"
EndProject
Project("{9A19103F-16F7-4668-BE54-9A1E7A4F7556}") = "OnlineApplicationMobile.Infrastructure", "src\Infrastructure\OnlineApplicationMobile.Infrastructure\OnlineApplicationMobile.Infrastructure.csproj", "{58700A65-499F-4816-A385-47324F1516DD}"
EndProject
Project("{2150E333-8FDC-42A3-9474-1A3956D46DE8}") = "Domain", "Domain", "{753258F4-F634-4DE7-AB8B-420076973D23}"
EndProject
Project("{9A19103F-16F7-4668-BE54-9A1E7A4F7556}") = "OnlineApplicationMobile.Domain", "src\Domain\OnlineApplicationMobile.Domain\OnlineApplicationMobile.Domain.csproj", "{EDDCC76E-3CD4-4BF6-98B1-4F22E61205C2}"
EndProject
Project("{2150E333-8FDC-42A3-9474-1A3956D46DE8}") = "TestConsoleHttpClient", "TestConsoleHttpClient", "{FD995219-868A-46DE-AF1B-2EB19D6036BE}"
EndProject
Project("{FAE04EC0-301F-11D3-BF4B-00C04F79EFBC}") = "TestClient", "src\TestConsoleHttpClient\TestClient\TestClient.csproj", "{77021211-DC78-4041-A322-E0DABDC8FE23}"
EndProject
Global
	GlobalSection(SolutionConfigurationPlatforms) = preSolution
		Debug|Any CPU = Debug|Any CPU
		Debug|iPhone = Debug|iPhone
		Debug|iPhoneSimulator = Debug|iPhoneSimulator
		Debug|x64 = Debug|x64
		Debug|x86 = Debug|x86
		Release|Any CPU = Release|Any CPU
		Release|iPhone = Release|iPhone
		Release|iPhoneSimulator = Release|iPhoneSimulator
		Release|x64 = Release|x64
		Release|x86 = Release|x86
	EndGlobalSection
	GlobalSection(ProjectConfigurationPlatforms) = postSolution
		{D590F32F-9808-482C-8895-8127F60658D5}.Debug|Any CPU.ActiveCfg = Debug|Any CPU
		{D590F32F-9808-482C-8895-8127F60658D5}.Debug|Any CPU.Build.0 = Debug|Any CPU
		{D590F32F-9808-482C-8895-8127F60658D5}.Debug|Any CPU.Deploy.0 = Debug|Any CPU
		{D590F32F-9808-482C-8895-8127F60658D5}.Debug|iPhone.ActiveCfg = Debug|Any CPU
		{D590F32F-9808-482C-8895-8127F60658D5}.Debug|iPhone.Build.0 = Debug|Any CPU
		{D590F32F-9808-482C-8895-8127F60658D5}.Debug|iPhone.Deploy.0 = Debug|Any CPU
		{D590F32F-9808-482C-8895-8127F60658D5}.Debug|iPhoneSimulator.ActiveCfg = Debug|Any CPU
		{D590F32F-9808-482C-8895-8127F60658D5}.Debug|iPhoneSimulator.Build.0 = Debug|Any CPU
		{D590F32F-9808-482C-8895-8127F60658D5}.Debug|iPhoneSimulator.Deploy.0 = Debug|Any CPU
		{D590F32F-9808-482C-8895-8127F60658D5}.Debug|x64.ActiveCfg = Debug|Any CPU
		{D590F32F-9808-482C-8895-8127F60658D5}.Debug|x64.Build.0 = Debug|Any CPU
		{D590F32F-9808-482C-8895-8127F60658D5}.Debug|x64.Deploy.0 = Debug|Any CPU
		{D590F32F-9808-482C-8895-8127F60658D5}.Debug|x86.ActiveCfg = Debug|Any CPU
		{D590F32F-9808-482C-8895-8127F60658D5}.Debug|x86.Build.0 = Debug|Any CPU
		{D590F32F-9808-482C-8895-8127F60658D5}.Debug|x86.Deploy.0 = Debug|Any CPU
		{D590F32F-9808-482C-8895-8127F60658D5}.Release|Any CPU.ActiveCfg = Release|Any CPU
		{D590F32F-9808-482C-8895-8127F60658D5}.Release|Any CPU.Build.0 = Release|Any CPU
		{D590F32F-9808-482C-8895-8127F60658D5}.Release|Any CPU.Deploy.0 = Release|Any CPU
		{D590F32F-9808-482C-8895-8127F60658D5}.Release|iPhone.ActiveCfg = Release|Any CPU
		{D590F32F-9808-482C-8895-8127F60658D5}.Release|iPhone.Build.0 = Release|Any CPU
		{D590F32F-9808-482C-8895-8127F60658D5}.Release|iPhone.Deploy.0 = Release|Any CPU
		{D590F32F-9808-482C-8895-8127F60658D5}.Release|iPhoneSimulator.ActiveCfg = Release|Any CPU
		{D590F32F-9808-482C-8895-8127F60658D5}.Release|iPhoneSimulator.Build.0 = Release|Any CPU
		{D590F32F-9808-482C-8895-8127F60658D5}.Release|iPhoneSimulator.Deploy.0 = Release|Any CPU
		{D590F32F-9808-482C-8895-8127F60658D5}.Release|x64.ActiveCfg = Release|Any CPU
		{D590F32F-9808-482C-8895-8127F60658D5}.Release|x64.Build.0 = Release|Any CPU
		{D590F32F-9808-482C-8895-8127F60658D5}.Release|x64.Deploy.0 = Release|Any CPU
		{D590F32F-9808-482C-8895-8127F60658D5}.Release|x86.ActiveCfg = Release|Any CPU
		{D590F32F-9808-482C-8895-8127F60658D5}.Release|x86.Build.0 = Release|Any CPU
		{D590F32F-9808-482C-8895-8127F60658D5}.Release|x86.Deploy.0 = Release|Any CPU
		{DEB6A493-41BD-4096-8493-8F72DB1F1234}.Debug|Any CPU.ActiveCfg = Debug|iPhoneSimulator
		{DEB6A493-41BD-4096-8493-8F72DB1F1234}.Debug|iPhone.ActiveCfg = Debug|iPhone
		{DEB6A493-41BD-4096-8493-8F72DB1F1234}.Debug|iPhone.Build.0 = Debug|iPhone
		{DEB6A493-41BD-4096-8493-8F72DB1F1234}.Debug|iPhoneSimulator.ActiveCfg = Debug|iPhoneSimulator
		{DEB6A493-41BD-4096-8493-8F72DB1F1234}.Debug|iPhoneSimulator.Build.0 = Debug|iPhoneSimulator
		{DEB6A493-41BD-4096-8493-8F72DB1F1234}.Debug|x64.ActiveCfg = Debug|iPhoneSimulator
		{DEB6A493-41BD-4096-8493-8F72DB1F1234}.Debug|x86.ActiveCfg = Debug|iPhoneSimulator
		{DEB6A493-41BD-4096-8493-8F72DB1F1234}.Release|Any CPU.ActiveCfg = Release|iPhoneSimulator
		{DEB6A493-41BD-4096-8493-8F72DB1F1234}.Release|iPhone.ActiveCfg = Release|iPhone
		{DEB6A493-41BD-4096-8493-8F72DB1F1234}.Release|iPhone.Build.0 = Release|iPhone
		{DEB6A493-41BD-4096-8493-8F72DB1F1234}.Release|iPhoneSimulator.ActiveCfg = Release|iPhoneSimulator
		{DEB6A493-41BD-4096-8493-8F72DB1F1234}.Release|iPhoneSimulator.Build.0 = Release|iPhoneSimulator
		{DEB6A493-41BD-4096-8493-8F72DB1F1234}.Release|x64.ActiveCfg = Release|iPhoneSimulator
		{DEB6A493-41BD-4096-8493-8F72DB1F1234}.Release|x86.ActiveCfg = Release|iPhoneSimulator
		{16763C50-16C4-4925-A7EA-1F73510010B0}.Debug|Any CPU.ActiveCfg = Debug|Any CPU
		{16763C50-16C4-4925-A7EA-1F73510010B0}.Debug|Any CPU.Build.0 = Debug|Any CPU
		{16763C50-16C4-4925-A7EA-1F73510010B0}.Debug|iPhone.ActiveCfg = Debug|Any CPU
		{16763C50-16C4-4925-A7EA-1F73510010B0}.Debug|iPhone.Build.0 = Debug|Any CPU
		{16763C50-16C4-4925-A7EA-1F73510010B0}.Debug|iPhoneSimulator.ActiveCfg = Debug|Any CPU
		{16763C50-16C4-4925-A7EA-1F73510010B0}.Debug|iPhoneSimulator.Build.0 = Debug|Any CPU
		{16763C50-16C4-4925-A7EA-1F73510010B0}.Debug|x64.ActiveCfg = Debug|Any CPU
		{16763C50-16C4-4925-A7EA-1F73510010B0}.Debug|x64.Build.0 = Debug|Any CPU
		{16763C50-16C4-4925-A7EA-1F73510010B0}.Debug|x86.ActiveCfg = Debug|Any CPU
		{16763C50-16C4-4925-A7EA-1F73510010B0}.Debug|x86.Build.0 = Debug|Any CPU
		{16763C50-16C4-4925-A7EA-1F73510010B0}.Release|Any CPU.ActiveCfg = Release|Any CPU
		{16763C50-16C4-4925-A7EA-1F73510010B0}.Release|Any CPU.Build.0 = Release|Any CPU
		{16763C50-16C4-4925-A7EA-1F73510010B0}.Release|iPhone.ActiveCfg = Release|Any CPU
		{16763C50-16C4-4925-A7EA-1F73510010B0}.Release|iPhone.Build.0 = Release|Any CPU
		{16763C50-16C4-4925-A7EA-1F73510010B0}.Release|iPhoneSimulator.ActiveCfg = Release|Any CPU
		{16763C50-16C4-4925-A7EA-1F73510010B0}.Release|iPhoneSimulator.Build.0 = Release|Any CPU
		{16763C50-16C4-4925-A7EA-1F73510010B0}.Release|x64.ActiveCfg = Release|Any CPU
		{16763C50-16C4-4925-A7EA-1F73510010B0}.Release|x64.Build.0 = Release|Any CPU
		{16763C50-16C4-4925-A7EA-1F73510010B0}.Release|x86.ActiveCfg = Release|Any CPU
		{16763C50-16C4-4925-A7EA-1F73510010B0}.Release|x86.Build.0 = Release|Any CPU
		{61B074E1-8586-4272-8074-C711FFD83FAE}.Debug|Any CPU.ActiveCfg = Debug|Any CPU
		{61B074E1-8586-4272-8074-C711FFD83FAE}.Debug|Any CPU.Build.0 = Debug|Any CPU
		{61B074E1-8586-4272-8074-C711FFD83FAE}.Debug|iPhone.ActiveCfg = Debug|Any CPU
		{61B074E1-8586-4272-8074-C711FFD83FAE}.Debug|iPhone.Build.0 = Debug|Any CPU
		{61B074E1-8586-4272-8074-C711FFD83FAE}.Debug|iPhoneSimulator.ActiveCfg = Debug|Any CPU
		{61B074E1-8586-4272-8074-C711FFD83FAE}.Debug|iPhoneSimulator.Build.0 = Debug|Any CPU
		{61B074E1-8586-4272-8074-C711FFD83FAE}.Debug|x64.ActiveCfg = Debug|Any CPU
		{61B074E1-8586-4272-8074-C711FFD83FAE}.Debug|x64.Build.0 = Debug|Any CPU
		{61B074E1-8586-4272-8074-C711FFD83FAE}.Debug|x86.ActiveCfg = Debug|Any CPU
		{61B074E1-8586-4272-8074-C711FFD83FAE}.Debug|x86.Build.0 = Debug|Any CPU
		{61B074E1-8586-4272-8074-C711FFD83FAE}.Release|Any CPU.ActiveCfg = Release|Any CPU
		{61B074E1-8586-4272-8074-C711FFD83FAE}.Release|Any CPU.Build.0 = Release|Any CPU
		{61B074E1-8586-4272-8074-C711FFD83FAE}.Release|iPhone.ActiveCfg = Release|Any CPU
		{61B074E1-8586-4272-8074-C711FFD83FAE}.Release|iPhone.Build.0 = Release|Any CPU
		{61B074E1-8586-4272-8074-C711FFD83FAE}.Release|iPhoneSimulator.ActiveCfg = Release|Any CPU
		{61B074E1-8586-4272-8074-C711FFD83FAE}.Release|iPhoneSimulator.Build.0 = Release|Any CPU
		{61B074E1-8586-4272-8074-C711FFD83FAE}.Release|x64.ActiveCfg = Release|Any CPU
		{61B074E1-8586-4272-8074-C711FFD83FAE}.Release|x64.Build.0 = Release|Any CPU
		{61B074E1-8586-4272-8074-C711FFD83FAE}.Release|x86.ActiveCfg = Release|Any CPU
		{61B074E1-8586-4272-8074-C711FFD83FAE}.Release|x86.Build.0 = Release|Any CPU
		{58700A65-499F-4816-A385-47324F1516DD}.Debug|Any CPU.ActiveCfg = Debug|Any CPU
		{58700A65-499F-4816-A385-47324F1516DD}.Debug|Any CPU.Build.0 = Debug|Any CPU
		{58700A65-499F-4816-A385-47324F1516DD}.Debug|iPhone.ActiveCfg = Debug|Any CPU
		{58700A65-499F-4816-A385-47324F1516DD}.Debug|iPhone.Build.0 = Debug|Any CPU
		{58700A65-499F-4816-A385-47324F1516DD}.Debug|iPhoneSimulator.ActiveCfg = Debug|Any CPU
		{58700A65-499F-4816-A385-47324F1516DD}.Debug|iPhoneSimulator.Build.0 = Debug|Any CPU
		{58700A65-499F-4816-A385-47324F1516DD}.Debug|x64.ActiveCfg = Debug|Any CPU
		{58700A65-499F-4816-A385-47324F1516DD}.Debug|x64.Build.0 = Debug|Any CPU
		{58700A65-499F-4816-A385-47324F1516DD}.Debug|x86.ActiveCfg = Debug|Any CPU
		{58700A65-499F-4816-A385-47324F1516DD}.Debug|x86.Build.0 = Debug|Any CPU
		{58700A65-499F-4816-A385-47324F1516DD}.Release|Any CPU.ActiveCfg = Release|Any CPU
		{58700A65-499F-4816-A385-47324F1516DD}.Release|Any CPU.Build.0 = Release|Any CPU
		{58700A65-499F-4816-A385-47324F1516DD}.Release|iPhone.ActiveCfg = Release|Any CPU
		{58700A65-499F-4816-A385-47324F1516DD}.Release|iPhone.Build.0 = Release|Any CPU
		{58700A65-499F-4816-A385-47324F1516DD}.Release|iPhoneSimulator.ActiveCfg = Release|Any CPU
		{58700A65-499F-4816-A385-47324F1516DD}.Release|iPhoneSimulator.Build.0 = Release|Any CPU
		{58700A65-499F-4816-A385-47324F1516DD}.Release|x64.ActiveCfg = Release|Any CPU
		{58700A65-499F-4816-A385-47324F1516DD}.Release|x64.Build.0 = Release|Any CPU
		{58700A65-499F-4816-A385-47324F1516DD}.Release|x86.ActiveCfg = Release|Any CPU
		{58700A65-499F-4816-A385-47324F1516DD}.Release|x86.Build.0 = Release|Any CPU
		{EDDCC76E-3CD4-4BF6-98B1-4F22E61205C2}.Debug|Any CPU.ActiveCfg = Debug|Any CPU
		{EDDCC76E-3CD4-4BF6-98B1-4F22E61205C2}.Debug|Any CPU.Build.0 = Debug|Any CPU
		{EDDCC76E-3CD4-4BF6-98B1-4F22E61205C2}.Debug|iPhone.ActiveCfg = Debug|Any CPU
		{EDDCC76E-3CD4-4BF6-98B1-4F22E61205C2}.Debug|iPhone.Build.0 = Debug|Any CPU
		{EDDCC76E-3CD4-4BF6-98B1-4F22E61205C2}.Debug|iPhoneSimulator.ActiveCfg = Debug|Any CPU
		{EDDCC76E-3CD4-4BF6-98B1-4F22E61205C2}.Debug|iPhoneSimulator.Build.0 = Debug|Any CPU
		{EDDCC76E-3CD4-4BF6-98B1-4F22E61205C2}.Debug|x64.ActiveCfg = Debug|Any CPU
		{EDDCC76E-3CD4-4BF6-98B1-4F22E61205C2}.Debug|x64.Build.0 = Debug|Any CPU
		{EDDCC76E-3CD4-4BF6-98B1-4F22E61205C2}.Debug|x86.ActiveCfg = Debug|Any CPU
		{EDDCC76E-3CD4-4BF6-98B1-4F22E61205C2}.Debug|x86.Build.0 = Debug|Any CPU
		{EDDCC76E-3CD4-4BF6-98B1-4F22E61205C2}.Release|Any CPU.ActiveCfg = Release|Any CPU
		{EDDCC76E-3CD4-4BF6-98B1-4F22E61205C2}.Release|Any CPU.Build.0 = Release|Any CPU
		{EDDCC76E-3CD4-4BF6-98B1-4F22E61205C2}.Release|iPhone.ActiveCfg = Release|Any CPU
		{EDDCC76E-3CD4-4BF6-98B1-4F22E61205C2}.Release|iPhone.Build.0 = Release|Any CPU
		{EDDCC76E-3CD4-4BF6-98B1-4F22E61205C2}.Release|iPhoneSimulator.ActiveCfg = Release|Any CPU
		{EDDCC76E-3CD4-4BF6-98B1-4F22E61205C2}.Release|iPhoneSimulator.Build.0 = Release|Any CPU
		{EDDCC76E-3CD4-4BF6-98B1-4F22E61205C2}.Release|x64.ActiveCfg = Release|Any CPU
		{EDDCC76E-3CD4-4BF6-98B1-4F22E61205C2}.Release|x64.Build.0 = Release|Any CPU
		{EDDCC76E-3CD4-4BF6-98B1-4F22E61205C2}.Release|x86.ActiveCfg = Release|Any CPU
		{EDDCC76E-3CD4-4BF6-98B1-4F22E61205C2}.Release|x86.Build.0 = Release|Any CPU
		{77021211-DC78-4041-A322-E0DABDC8FE23}.Debug|Any CPU.ActiveCfg = Debug|Any CPU
		{77021211-DC78-4041-A322-E0DABDC8FE23}.Debug|Any CPU.Build.0 = Debug|Any CPU
		{77021211-DC78-4041-A322-E0DABDC8FE23}.Debug|iPhone.ActiveCfg = Debug|Any CPU
		{77021211-DC78-4041-A322-E0DABDC8FE23}.Debug|iPhone.Build.0 = Debug|Any CPU
		{77021211-DC78-4041-A322-E0DABDC8FE23}.Debug|iPhoneSimulator.ActiveCfg = Debug|Any CPU
		{77021211-DC78-4041-A322-E0DABDC8FE23}.Debug|iPhoneSimulator.Build.0 = Debug|Any CPU
		{77021211-DC78-4041-A322-E0DABDC8FE23}.Debug|x64.ActiveCfg = Debug|Any CPU
		{77021211-DC78-4041-A322-E0DABDC8FE23}.Debug|x64.Build.0 = Debug|Any CPU
		{77021211-DC78-4041-A322-E0DABDC8FE23}.Debug|x86.ActiveCfg = Debug|Any CPU
		{77021211-DC78-4041-A322-E0DABDC8FE23}.Debug|x86.Build.0 = Debug|Any CPU
		{77021211-DC78-4041-A322-E0DABDC8FE23}.Release|Any CPU.ActiveCfg = Release|Any CPU
		{77021211-DC78-4041-A322-E0DABDC8FE23}.Release|Any CPU.Build.0 = Release|Any CPU
		{77021211-DC78-4041-A322-E0DABDC8FE23}.Release|iPhone.ActiveCfg = Release|Any CPU
		{77021211-DC78-4041-A322-E0DABDC8FE23}.Release|iPhone.Build.0 = Release|Any CPU
		{77021211-DC78-4041-A322-E0DABDC8FE23}.Release|iPhoneSimulator.ActiveCfg = Release|Any CPU
		{77021211-DC78-4041-A322-E0DABDC8FE23}.Release|iPhoneSimulator.Build.0 = Release|Any CPU
		{77021211-DC78-4041-A322-E0DABDC8FE23}.Release|x64.ActiveCfg = Release|Any CPU
		{77021211-DC78-4041-A322-E0DABDC8FE23}.Release|x64.Build.0 = Release|Any CPU
		{77021211-DC78-4041-A322-E0DABDC8FE23}.Release|x86.ActiveCfg = Release|Any CPU
		{77021211-DC78-4041-A322-E0DABDC8FE23}.Release|x86.Build.0 = Release|Any CPU
	EndGlobalSection
	GlobalSection(SolutionProperties) = preSolution
		HideSolutionNode = FALSE
	EndGlobalSection
	GlobalSection(NestedProjects) = preSolution
		{1DE85E41-8115-426E-827D-0489AF4E7B21} = {B3E836CF-58BC-4425-8051-C4F43A588BFA}
		{D590F32F-9808-482C-8895-8127F60658D5} = {1DE85E41-8115-426E-827D-0489AF4E7B21}
		{DEB6A493-41BD-4096-8493-8F72DB1F1234} = {1DE85E41-8115-426E-827D-0489AF4E7B21}
		{16763C50-16C4-4925-A7EA-1F73510010B0} = {1DE85E41-8115-426E-827D-0489AF4E7B21}
		{4EA68763-9093-4D7A-BDEE-045865CE322B} = {B3E836CF-58BC-4425-8051-C4F43A588BFA}
		{61B074E1-8586-4272-8074-C711FFD83FAE} = {4EA68763-9093-4D7A-BDEE-045865CE322B}
		{B306A15D-36AE-459E-A7FC-49880586F0DE} = {B3E836CF-58BC-4425-8051-C4F43A588BFA}
		{58700A65-499F-4816-A385-47324F1516DD} = {B306A15D-36AE-459E-A7FC-49880586F0DE}
		{753258F4-F634-4DE7-AB8B-420076973D23} = {B3E836CF-58BC-4425-8051-C4F43A588BFA}
		{EDDCC76E-3CD4-4BF6-98B1-4F22E61205C2} = {753258F4-F634-4DE7-AB8B-420076973D23}
		{FD995219-868A-46DE-AF1B-2EB19D6036BE} = {B3E836CF-58BC-4425-8051-C4F43A588BFA}
		{77021211-DC78-4041-A322-E0DABDC8FE23} = {FD995219-868A-46DE-AF1B-2EB19D6036BE}
	EndGlobalSection
	GlobalSection(ExtensibilityGlobals) = postSolution
		SolutionGuid = {433B2A4C-9A2B-46BC-B700-1BAF20669AB4}
	EndGlobalSection
EndGlobal
